
Microsoft Visual Studio Solution File, Format Version 12.00
# Visual Studio Version 17
VisualStudioVersion = 17.5.002.0
MinimumVisualStudioVersion = 10.0.40219.1
Project("{9A19103F-16F7-4668-BE54-9A1E7A4F7556}") = "MorosidadWeb", "MorosidadWeb.csproj", "{FEA13B85-24D7-4719-90F5-3E6EFACD5E8D}"
EndProject
Global
	GlobalSection(SolutionConfigurationPlatforms) = preSolution
		Debug|Any CPU = Debug|Any CPU
		Release|Any CPU = Release|Any CPU
	EndGlobalSection
	GlobalSection(ProjectConfigurationPlatforms) = postSolution
		{FEA13B85-24D7-4719-90F5-3E6EFACD5E8D}.Debug|Any CPU.ActiveCfg = Debug|Any CPU
		{FEA13B85-24D7-4719-90F5-3E6EFACD5E8D}.Debug|Any CPU.Build.0 = Debug|Any CPU
		{FEA13B85-24D7-4719-90F5-3E6EFACD5E8D}.Release|Any CPU.ActiveCfg = Release|Any CPU
		{FEA13B85-24D7-4719-90F5-3E6EFACD5E8D}.Release|Any CPU.Build.0 = Release|Any CPU
	EndGlobalSection
	GlobalSection(SolutionProperties) = preSolution
		HideSolutionNode = FALSE
	EndGlobalSection
	GlobalSection(ExtensibilityGlobals) = postSolution
		SolutionGuid = {BC9DDF52-F1E9-44FC-B010-DD4AC3FD915D}
	EndGlobalSection
EndGlobal
